{
  "name": "@sozialzynk/mobile",
  "version": "1.0.0",
  "lockfileVersion": 3,
  "requires": true,
  "packages": {
    "": {
      "name": "@sozialzynk/mobile",
      "version": "1.0.0",
      "dependencies": {
        "@capacitor/android": "^6.2.0",
        "@capacitor/core": "^6.2.0",
        "@capacitor/ios": "^6.2.0",
        "@capacitor/splash-screen": "^6.0.2",
        "@capacitor/status-bar": "^6.0.2"
      },
      "devDependencies": {
        "@capacitor/cli": "^6.2.0"
      }
    },
    "../../node_modules/.pnpm/@capacitor+android@6.2.1_@capacitor+core@6.2.1/node_modules/@capacitor/android": {
      "version": "6.2.1",
      "license": "MIT",
      "peerDependencies": {
        "@capacitor/core": "^6.2.0"
      }
    },
    "../../node_modules/.pnpm/@capacitor+app@6.0.3_@capacitor+core@6.2.1/node_modules/@capacitor/app": {
      "version": "6.0.3",
      "extraneous": true,
      "license": "MIT",
      "devDependencies": {
        "@capacitor/android": "^6.0.0",
        "@capacitor/core": "^6.0.0",
        "@capacitor/docgen": "0.2.2",
        "@capacitor/ios": "^6.0.0",
        "@ionic/eslint-config": "^0.4.0",
        "@ionic/prettier-config": "~1.0.1",
        "@ionic/swiftlint-config": "^1.1.2",
        "eslint": "^8.57.0",
        "prettier": "~2.3.0",
        "prettier-plugin-java": "~1.0.2",
        "rimraf": "^3.0.0",
        "rollup": "^2.29.0",
        "swiftlint": "^1.0.1",
        "typescript": "~4.1.5"
      },
      "peerDependencies": {
        "@capacitor/core": "^6.0.0"
      }
    },
    "../../node_modules/.pnpm/@capacitor+assets@3.0.5_encoding@0.1.13/node_modules/@capacitor/assets": {
      "version": "3.0.5",
      "extraneous": true,
      "license": "MIT",
      "dependencies": {
        "@capacitor/cli": "^5.3.0",
        "@ionic/utils-array": "2.1.6",
        "@ionic/utils-fs": "3.1.7",
        "@trapezedev/project": "^7.0.10",
        "commander": "8.3.0",
        "debug": "4.3.4",
        "fs-extra": "10.1.0",
        "node-fetch": "2.7.0",
        "node-html-parser": "5.4.2",
        "sharp": "0.32.6",
        "tslib": "2.6.2",
        "yargs": "17.7.2"
      },
      "bin": {
        "capacitor-assets": "bin/capacitor-assets"
      },
      "devDependencies": {
        "@changesets/cli": "2.26.2",
        "@ionic/eslint-config": "0.3.0",
        "@ionic/prettier-config": "4.0.0",
        "@types/debug": "4.1.8",
        "@types/fs-extra": "9.0.13",
        "@types/jest": "27.5.2",
        "@types/node": "18.17.15",
        "@types/node-fetch": "2.6.5",
        "@types/plist": "3.0.2",
        "@types/rimraf": "3.0.2",
        "@types/slice-ansi": "5.0.0",
        "@typescript-eslint/eslint-plugin": "5.62.0",
        "eslint": "7.32.0",
        "husky": "^8.0.1",
        "jest": "27.5.1",
        "np": "7.7.0",
        "prettier": "3.0.3",
        "rimraf": "3.0.2",
        "tempy": "1.0.1",
        "ts-jest": "27.1.5",
        "typescript": "4.4.4"
      },
      "engines": {
        "node": ">=10.3.0"
      }
    },
    "../../node_modules/.pnpm/@capacitor+browser@6.0.6_@capacitor+core@6.2.1/node_modules/@capacitor/browser": {
      "version": "6.0.6",
      "extraneous": true,
      "license": "MIT",
      "devDependencies": {
        "@capacitor/android": "^6.0.0",
        "@capacitor/core": "^6.0.0",
        "@capacitor/docgen": "0.2.2",
        "@capacitor/ios": "^6.0.0",
        "@ionic/eslint-config": "^0.4.0",
        "@ionic/prettier-config": "~1.0.1",
        "@ionic/swiftlint-config": "^1.1.2",
        "eslint": "^8.57.0",
        "prettier": "~2.3.0",
        "prettier-plugin-java": "~1.0.2",
        "rimraf": "^3.0.0",
        "rollup": "^2.29.0",
        "swiftlint": "^1.0.1",
        "typescript": "~4.1.5"
      },
      "peerDependencies": {
        "@capacitor/core": "^6.0.0"
      }
    },
    "../../node_modules/.pnpm/@capacitor+cli@6.2.1/node_modules/@capacitor/cli": {
      "version": "6.2.1",
      "dev": true,
      "license": "MIT",
      "dependencies": {
        "@ionic/cli-framework-output": "^2.2.5",
        "@ionic/utils-fs": "^3.1.6",
        "@ionic/utils-subprocess": "2.1.11",
        "@ionic/utils-terminal": "^2.3.3",
        "commander": "^9.3.0",
        "debug": "^4.3.4",
        "env-paths": "^2.2.0",
        "kleur": "^4.1.4",
        "native-run": "^2.0.0",
        "open": "^8.4.0",
        "plist": "^3.0.5",
        "prompts": "^2.4.2",
        "rimraf": "^4.4.1",
        "semver": "^7.3.7",
        "tar": "^6.1.11",
        "tslib": "^2.4.0",
        "xml2js": "^0.5.0"
      },
      "bin": {
        "cap": "bin/capacitor",
        "capacitor": "bin/capacitor"
      },
      "devDependencies": {
        "@types/debug": "^4.1.7",
        "@types/jest": "^29.5.0",
        "@types/plist": "^3.0.2",
        "@types/prompts": "^2.0.14",
        "@types/semver": "^7.3.10",
        "@types/tar": "^6.1.1",
        "@types/tmp": "^0.2.3",
        "@types/xml2js": "0.4.5",
        "jest": "^29.5.0",
        "jest-environment-jsdom": "^29.5.0",
        "jest-jasmine2": "^29.5.0",
        "tmp": "^0.2.1",
        "ts-jest": "^29.0.5",
        "typescript": "~5.0.2"
      },
      "engines": {
        "node": ">=18.0.0"
      }
    },
    "../../node_modules/.pnpm/@capacitor+core@6.2.1/node_modules/@capacitor/core": {
      "version": "6.2.1",
      "license": "MIT",
      "dependencies": {
        "tslib": "^2.1.0"
      },
      "devDependencies": {
        "@capacitor/docgen": "^0.2.2",
        "@rollup/plugin-node-resolve": "^10.0.0",
        "@rollup/plugin-replace": "^2.4.2",
        "@types/jest": "^29.5.0",
        "jest": "^29.5.0",
        "jest-environment-jsdom": "^29.5.0",
        "jest-jasmine2": "^29.5.0",
        "rimraf": "^4.4.1",
        "rollup": "^2.21.0",
        "rollup-plugin-terser": "^7.0.2",
        "typescript": "~5.0.2"
      }
    },
    "../../node_modules/.pnpm/@capacitor+haptics@6.0.3_@capacitor+core@6.2.1/node_modules/@capacitor/haptics": {
      "version": "6.0.3",
      "extraneous": true,
      "license": "MIT",
      "devDependencies": {
        "@capacitor/android": "^6.0.0",
        "@capacitor/core": "^6.0.0",
        "@capacitor/docgen": "0.2.2",
        "@capacitor/ios": "^6.0.0",
        "@ionic/eslint-config": "^0.4.0",
        "@ionic/prettier-config": "~1.0.1",
        "@ionic/swiftlint-config": "^1.1.2",
        "eslint": "^8.57.0",
        "prettier": "~2.3.0",
        "prettier-plugin-java": "~1.0.2",
        "rimraf": "^3.0.0",
        "rollup": "^2.29.0",
        "swiftlint": "^1.0.1",
        "typescript": "~4.1.5"
      },
      "peerDependencies": {
        "@capacitor/core": "^6.0.0"
      }
    },
    "../../node_modules/.pnpm/@capacitor+ios@6.2.1_@capacitor+core@6.2.1/node_modules/@capacitor/ios": {
      "version": "6.2.1",
      "license": "MIT",
      "peerDependencies": {
        "@capacitor/core": "^6.2.0"
      }
    },
    "../../node_modules/.pnpm/@capacitor+keyboard@6.0.4_@capacitor+core@6.2.1/node_modules/@capacitor/keyboard": {
      "version": "6.0.4",
      "extraneous": true,
      "license": "MIT",
      "devDependencies": {
        "@capacitor/android": "^6.0.0",
        "@capacitor/cli": "^6.0.0",
        "@capacitor/core": "^6.0.0",
        "@capacitor/docgen": "0.2.2",
        "@capacitor/ios": "^6.0.0",
        "@ionic/eslint-config": "^0.4.0",
        "@ionic/prettier-config": "~1.0.1",
        "@ionic/swiftlint-config": "^1.1.2",
        "eslint": "^8.57.0",
        "prettier": "~2.3.0",
        "prettier-plugin-java": "~1.0.2",
        "rimraf": "^3.0.0",
        "rollup": "^2.29.0",
        "swiftlint": "^1.0.1",
        "typescript": "~4.1.5"
      },
      "peerDependencies": {
        "@capacitor/core": "^6.0.0"
      }
    },
    "../../node_modules/.pnpm/@capacitor+push-notifications@6.0.5_@capacitor+core@6.2.1/node_modules/@capacitor/push-notifications": {
      "version": "6.0.5",
      "extraneous": true,
      "license": "MIT",
      "devDependencies": {
        "@capacitor/android": "^6.0.0",
        "@capacitor/cli": "^6.0.0",
        "@capacitor/core": "^6.0.0",
        "@capacitor/docgen": "0.2.2",
        "@capacitor/ios": "^6.0.0",
        "@ionic/eslint-config": "^0.4.0",
        "@ionic/prettier-config": "~1.0.1",
        "@ionic/swiftlint-config": "^1.1.2",
        "eslint": "^8.57.0",
        "prettier": "~2.3.0",
        "prettier-plugin-java": "~1.0.2",
        "rimraf": "^3.0.0",
        "rollup": "^2.29.0",
        "swiftlint": "^1.0.1",
        "typescript": "~4.1.5"
      },
      "peerDependencies": {
        "@capacitor/core": "^6.0.0"
      }
    },
    "../../node_modules/.pnpm/@capacitor+splash-screen@6.0.4_@capacitor+core@6.2.1/node_modules/@capacitor/splash-screen": {
      "version": "6.0.4",
      "license": "MIT",
      "devDependencies": {
        "@capacitor/android": "^6.0.0",
        "@capacitor/cli": "^6.0.0",
        "@capacitor/core": "^6.0.0",
        "@capacitor/docgen": "0.2.2",
        "@capacitor/ios": "^6.0.0",
        "@ionic/eslint-config": "^0.4.0",
        "@ionic/prettier-config": "~1.0.1",
        "@ionic/swiftlint-config": "^1.1.2",
        "eslint": "^8.57.0",
        "prettier": "~2.3.0",
        "prettier-plugin-java": "~1.0.2",
        "rimraf": "^3.0.2",
        "rollup": "^2.32.0",
        "swiftlint": "^1.0.1",
        "typescript": "~4.1.5"
      },
      "peerDependencies": {
        "@capacitor/core": "^6.0.0"
      }
    },
    "../../node_modules/.pnpm/@capacitor+status-bar@6.0.3_@capacitor+core@6.2.1/node_modules/@capacitor/status-bar": {
      "version": "6.0.3",
      "license": "MIT",
      "devDependencies": {
        "@capacitor/android": "^6.0.0",
        "@capacitor/core": "^6.0.0",
        "@capacitor/docgen": "0.2.2",
        "@capacitor/ios": "^6.0.0",
        "@ionic/eslint-config": "^0.4.0",
        "@ionic/prettier-config": "~1.0.1",
        "@ionic/swiftlint-config": "^1.1.2",
        "eslint": "^8.57.0",
        "prettier": "~2.3.0",
        "prettier-plugin-java": "~1.0.2",
        "rimraf": "^3.0.0",
        "rollup": "^2.29.0",
        "swiftlint": "^1.0.1",
        "typescript": "~4.1.5"
      },
      "peerDependencies": {
        "@capacitor/core": "^6.0.0"
      }
    },
    "node_modules/@capacitor/android": {
      "resolved": "../../node_modules/.pnpm/@capacitor+android@6.2.1_@capacitor+core@6.2.1/node_modules/@capacitor/android",
      "link": true
    },
    "node_modules/@capacitor/cli": {
      "resolved": "../../node_modules/.pnpm/@capacitor+cli@6.2.1/node_modules/@capacitor/cli",
      "link": true
    },
    "node_modules/@capacitor/core": {
      "resolved": "../../node_modules/.pnpm/@capacitor+core@6.2.1/node_modules/@capacitor/core",
      "link": true
    },
    "node_modules/@capacitor/ios": {
      "resolved": "../../node_modules/.pnpm/@capacitor+ios@6.2.1_@capacitor+core@6.2.1/node_modules/@capacitor/ios",
      "link": true
    },
    "node_modules/@capacitor/splash-screen": {
      "resolved": "../../node_modules/.pnpm/@capacitor+splash-screen@6.0.4_@capacitor+core@6.2.1/node_modules/@capacitor/splash-screen",
      "link": true
    },
    "node_modules/@capacitor/status-bar": {
      "resolved": "../../node_modules/.pnpm/@capacitor+status-bar@6.0.3_@capacitor+core@6.2.1/node_modules/@capacitor/status-bar",
      "link": true
    }
  }
}
